
Microsoft Visual Studio Solution File, Format Version 12.00
# Visual Studio Version 16
VisualStudioVersion = 16.0.31025.194
MinimumVisualStudioVersion = 10.0.40219.1
Project("{9A19103F-16F7-4668-BE54-9A1E7A4F7556}") = "EquiposDIT", "EquiposDIT\EquiposDIT.csproj", "{B80D36DE-4F25-494F-957D-E96387E8FB6F}"
EndProject
Project("{9A19103F-16F7-4668-BE54-9A1E7A4F7556}") = "Repository", "Repository\Repository.csproj", "{90650B2C-6E38-4438-B634-CA61EEB86E1F}"
EndProject
Project("{9A19103F-16F7-4668-BE54-9A1E7A4F7556}") = "Domain", "Domain\Domain.csproj", "{CAB7A3A7-0E50-432F-9550-8C382B42B5C7}"
EndProject
Project("{FAE04EC0-301F-11D3-BF4B-00C04F79EFBC}") = "Business", "Business\Business.csproj", "{966DEE35-03F7-4F54-A83C-095A83FD1EE6}"
EndProject
Project("{FAE04EC0-301F-11D3-BF4B-00C04F79EFBC}") = "UnitTest", "UnitTest\UnitTest.csproj", "{A67A8DC0-6E65-4F15-8211-461FE6C6DB2C}"
EndProject
Global
	GlobalSection(SolutionConfigurationPlatforms) = preSolution
		Debug|Any CPU = Debug|Any CPU
		Release|Any CPU = Release|Any CPU
	EndGlobalSection
	GlobalSection(ProjectConfigurationPlatforms) = postSolution
		{B80D36DE-4F25-494F-957D-E96387E8FB6F}.Debug|Any CPU.ActiveCfg = Debug|Any CPU
		{B80D36DE-4F25-494F-957D-E96387E8FB6F}.Debug|Any CPU.Build.0 = Debug|Any CPU
		{B80D36DE-4F25-494F-957D-E96387E8FB6F}.Release|Any CPU.ActiveCfg = Release|Any CPU
		{B80D36DE-4F25-494F-957D-E96387E8FB6F}.Release|Any CPU.Build.0 = Release|Any CPU
		{90650B2C-6E38-4438-B634-CA61EEB86E1F}.Debug|Any CPU.ActiveCfg = Debug|Any CPU
		{90650B2C-6E38-4438-B634-CA61EEB86E1F}.Debug|Any CPU.Build.0 = Debug|Any CPU
		{90650B2C-6E38-4438-B634-CA61EEB86E1F}.Release|Any CPU.ActiveCfg = Release|Any CPU
		{90650B2C-6E38-4438-B634-CA61EEB86E1F}.Release|Any CPU.Build.0 = Release|Any CPU
		{CAB7A3A7-0E50-432F-9550-8C382B42B5C7}.Debug|Any CPU.ActiveCfg = Debug|Any CPU
		{CAB7A3A7-0E50-432F-9550-8C382B42B5C7}.Debug|Any CPU.Build.0 = Debug|Any CPU
		{CAB7A3A7-0E50-432F-9550-8C382B42B5C7}.Release|Any CPU.ActiveCfg = Release|Any CPU
		{CAB7A3A7-0E50-432F-9550-8C382B42B5C7}.Release|Any CPU.Build.0 = Release|Any CPU
		{966DEE35-03F7-4F54-A83C-095A83FD1EE6}.Debug|Any CPU.ActiveCfg = Debug|Any CPU
		{966DEE35-03F7-4F54-A83C-095A83FD1EE6}.Debug|Any CPU.Build.0 = Debug|Any CPU
		{966DEE35-03F7-4F54-A83C-095A83FD1EE6}.Release|Any CPU.ActiveCfg = Release|Any CPU
		{966DEE35-03F7-4F54-A83C-095A83FD1EE6}.Release|Any CPU.Build.0 = Release|Any CPU
		{A67A8DC0-6E65-4F15-8211-461FE6C6DB2C}.Debug|Any CPU.ActiveCfg = Debug|Any CPU
		{A67A8DC0-6E65-4F15-8211-461FE6C6DB2C}.Debug|Any CPU.Build.0 = Debug|Any CPU
		{A67A8DC0-6E65-4F15-8211-461FE6C6DB2C}.Release|Any CPU.ActiveCfg = Release|Any CPU
		{A67A8DC0-6E65-4F15-8211-461FE6C6DB2C}.Release|Any CPU.Build.0 = Release|Any CPU
	EndGlobalSection
	GlobalSection(SolutionProperties) = preSolution
		HideSolutionNode = FALSE
	EndGlobalSection
	GlobalSection(ExtensibilityGlobals) = postSolution
		SolutionGuid = {8BE96449-8284-4C49-BD71-1CDA40795483}
	EndGlobalSection
EndGlobal
